{
  "nodes": {
    "interactive-html-bom": {
      "inputs": {
        "nixpkgs": [
          "nixpkgs"
        ]
      },
      "locked": {
        "lastModified": 1725207040,
        "narHash": "sha256-/oTyl/H8ey0huqMOtbaikiAaudg+Ue9o42aRRstJkY8=",
        "owner": "newam",
        "repo": "interactive-html-bom-nix",
        "rev": "d7c659eca0a94c0a75543d699e1024d84583afdf",
        "type": "github"
      },
      "original": {
        "owner": "newam",
        "repo": "interactive-html-bom-nix",
        "type": "github"
      }
    },
    "nixpkgs": {
      "locked": {
        "lastModified": 1725103162,
        "narHash": "sha256-Ym04C5+qovuQDYL/rKWSR+WESseQBbNAe5DsXNx5trY=",
        "owner": "nixos",
        "repo": "nixpkgs",
        "rev": "12228ff1752d7b7624a54e9c1af4b222b3c1073b",
        "type": "github"
      },
      "original": {
        "owner": "nixos",
        "ref": "nixos-unstable",
        "repo": "nixpkgs",
        "type": "github"
      }
    },
    "root": {
      "inputs": {
        "interactive-html-bom": "interactive-html-bom",
        "nixpkgs": "nixpkgs"
      }
    }
  },
  "root": "root",
  "version": 7
}
