{
  "nodes": {
    "interactive-html-bom": {
      "inputs": {
        "nixpkgs": [
          "nixpkgs"
        ]
      },
      "locked": {
        "lastModified": 1656278320,
        "narHash": "sha256-YI4+UebadNNZlr7AxEES3uwH7lbVaYggFtBpH0IPEZo=",
        "owner": "newam",
        "repo": "interactive-html-bom-nix",
        "rev": "678124432b493242ef89e59eae929e9bb65f5972",
        "type": "github"
      },
      "original": {
        "owner": "newam",
        "repo": "interactive-html-bom-nix",
        "type": "github"
      }
    },
    "nixpkgs": {
      "locked": {
        "lastModified": 1656239181,
        "narHash": "sha256-wW1xRFBn376yGloXZ4QzBE4hjipMawpV18Lshd9QSPw=",
        "owner": "nixos",
        "repo": "nixpkgs",
        "rev": "f2537a505d45c31fe5d9c27ea9829b6f4c4e6ac5",
        "type": "github"
      },
      "original": {
        "owner": "nixos",
        "ref": "nixos-unstable",
        "repo": "nixpkgs",
        "type": "github"
      }
    },
    "root": {
      "inputs": {
        "interactive-html-bom": "interactive-html-bom",
        "nixpkgs": "nixpkgs"
      }
    }
  },
  "root": "root",
  "version": 7
}
